<?xml version="1.0" encoding="utf-8"?>
<Project ToolsVersion="4.0" xmlns="http://schemas.microsoft.com/developer/msbuild/2003">
  <ItemGroup>
    <Filter Include="BackEnd">
      <UniqueIdentifier>{cb03272c-4c0f-42c7-a5db-60da79ffe13d}</UniqueIdentifier>
    </Filter>
    <Filter Include="BackEnd\IMGUI">
      <UniqueIdentifier>{700a13d0-24cb-4076-8a83-33959e4c9201}</UniqueIdentifier>
    </Filter>
    <Filter Include="Utilities">
      <UniqueIdentifier>{abcbc449-aca2-4e0f-b071-c6119b400e88}</UniqueIdentifier>
    </Filter>
    <Filter Include="Game">
      <UniqueIdentifier>{8960b2fe-5829-498a-9975-5893e7669e26}</UniqueIdentifier>
    </Filter>
    <Filter Include="Memory">
      <UniqueIdentifier>{67f7db1d-855e-4143-b972-5c1ed829da2c}</UniqueIdentifier>
    </Filter>
  </ItemGroup>
  <ItemGroup>
    <ClCompile Include="Main.cpp">
      <Filter>BackEnd</Filter>
    </ClCompile>
    <ClCompile Include="IMGUI\imgui.cpp">
      <Filter>BackEnd\IMGUI</Filter>
    </ClCompile>
    <ClCompile Include="IMGUI\imgui_demo.cpp">
      <Filter>BackEnd\IMGUI</Filter>
    </ClCompile>
    <ClCompile Include="IMGUI\imgui_draw.cpp">
      <Filter>BackEnd\IMGUI</Filter>
    </ClCompile>
    <ClCompile Include="IMGUI\imgui_impl_dx11.cpp">
      <Filter>BackEnd\IMGUI</Filter>
    </ClCompile>
    <ClCompile Include="IMGUI\imgui_impl_win32.cpp">
      <Filter>BackEnd\IMGUI</Filter>
    </ClCompile>
    <ClCompile Include="IMGUI\imgui_widgets.cpp">
      <Filter>BackEnd\IMGUI</Filter>
    </ClCompile>
    <ClCompile Include="OverlayWindow.cpp">
      <Filter>BackEnd</Filter>
    </ClCompile>
    <ClCompile Include="DX_Show.cpp">
      <Filter>BackEnd</Filter>
    </ClCompile>
    <ClCompile Include="Game-Data.cpp">
      <Filter>Game</Filter>
    </ClCompile>
    <ClCompile Include="Memory.cpp">
      <Filter>Memory</Filter>
    </ClCompile>
    <ClCompile Include="Utils.cpp">
      <Filter>Utilities</Filter>
    </ClCompile>
  </ItemGroup>
  <ItemGroup>
    <ClInclude Include="OverlayWindow.h">
      <Filter>BackEnd</Filter>
    </ClInclude>
    <ClInclude Include="IMGUI\imconfig.h">
      <Filter>BackEnd\IMGUI</Filter>
    </ClInclude>
    <ClInclude Include="IMGUI\imgui.h">
      <Filter>BackEnd\IMGUI</Filter>
    </ClInclude>
    <ClInclude Include="IMGUI\imgui_impl_dx11.h">
      <Filter>BackEnd\IMGUI</Filter>
    </ClInclude>
    <ClInclude Include="IMGUI\imgui_impl_win32.h">
      <Filter>BackEnd\IMGUI</Filter>
    </ClInclude>
    <ClInclude Include="IMGUI\imgui_internal.h">
      <Filter>BackEnd\IMGUI</Filter>
    </ClInclude>
    <ClInclude Include="IMGUI\imstb_rectpack.h">
      <Filter>BackEnd\IMGUI</Filter>
    </ClInclude>
    <ClInclude Include="IMGUI\imstb_textedit.h">
      <Filter>BackEnd\IMGUI</Filter>
    </ClInclude>
    <ClInclude Include="IMGUI\imstb_truetype.h">
      <Filter>BackEnd\IMGUI</Filter>
    </ClInclude>
    <ClInclude Include="DX_Show.h">
      <Filter>BackEnd</Filter>
    </ClInclude>
    <ClInclude Include="Font.h">
      <Filter>BackEnd</Filter>
    </ClInclude>
    <ClInclude Include="Utils.h">
      <Filter>Utilities</Filter>
    </ClInclude>
    <ClInclude Include="crappy.h">
      <Filter>Utilities</Filter>
    </ClInclude>
    <ClInclude Include="Addrs-Offset.h">
      <Filter>Game</Filter>
    </ClInclude>
    <ClInclude Include="XorStr.h">
      <Filter>Utilities</Filter>
    </ClInclude>
    <ClInclude Include="Game-Data.h">
      <Filter>Game</Filter>
    </ClInclude>
    <ClInclude Include="Memory.h">
      <Filter>Memory</Filter>
    </ClInclude>
    <ClInclude Include="resource.h" />
  </ItemGroup>
  <ItemGroup>
    <ResourceCompile Include="RustyDX.rc" />
  </ItemGroup>
</Project>